// !$*UTF8*$!
{
	archiveVersion = 1;
	classes = {
	};
	objectVersion = 56;
	objects = {

/* Begin PBXBuildFile section */
		BC81587D2A4D5112005FC3BE /* AppDelegate.m in Sources */ = {isa = PBXBuildFile; fileRef = BC81587C2A4D5112005FC3BE /* AppDelegate.m */; };
		BC8158802A4D5112005FC3BE /* SceneDelegate.m in Sources */ = {isa = PBXBuildFile; fileRef = BC81587F2A4D5112005FC3BE /* SceneDelegate.m */; };
		BC8158832A4D5112005FC3BE /* ViewController.m in Sources */ = {isa = PBXBuildFile; fileRef = BC8158822A4D5112005FC3BE /* ViewController.m */; };
		BC8158862A4D5112005FC3BE /* Main.storyboard in Resources */ = {isa = PBXBuildFile; fileRef = BC8158842A4D5112005FC3BE /* Main.storyboard */; };
		BC8158892A4D5112005FC3BE /* cysmart_ota_update.xcdatamodeld in Sources */ = {isa = PBXBuildFile; fileRef = BC8158872A4D5112005FC3BE /* cysmart_ota_update.xcdatamodeld */; };
		BC81588B2A4D511A005FC3BE /* Assets.xcassets in Resources */ = {isa = PBXBuildFile; fileRef = BC81588A2A4D511A005FC3BE /* Assets.xcassets */; };
		BC81588E2A4D511A005FC3BE /* LaunchScreen.storyboard in Resources */ = {isa = PBXBuildFile; fileRef = BC81588C2A4D511A005FC3BE /* LaunchScreen.storyboard */; };
		BC8158912A4D511A005FC3BE /* main.m in Sources */ = {isa = PBXBuildFile; fileRef = BC8158902A4D511A005FC3BE /* main.m */; };
/* End PBXBuildFile section */

/* Begin PBXFileReference section */
		BC8158782A4D5112005FC3BE /* cysmart_ota_update.app */ = {isa = PBXFileReference; explicitFileType = wrapper.application; includeInIndex = 0; path = cysmart_ota_update.app; sourceTree = BUILT_PRODUCTS_DIR; };
		BC81587B2A4D5112005FC3BE /* AppDelegate.h */ = {isa = PBXFileReference; lastKnownFileType = sourcecode.c.h; path = AppDelegate.h; sourceTree = "<group>"; };
		BC81587C2A4D5112005FC3BE /* AppDelegate.m */ = {isa = PBXFileReference; lastKnownFileType = sourcecode.c.objc; path = AppDelegate.m; sourceTree = "<group>"; };
		BC81587E2A4D5112005FC3BE /* SceneDelegate.h */ = {isa = PBXFileReference; lastKnownFileType = sourcecode.c.h; path = SceneDelegate.h; sourceTree = "<group>"; };
		BC81587F2A4D5112005FC3BE /* SceneDelegate.m */ = {isa = PBXFileReference; lastKnownFileType = sourcecode.c.objc; path = SceneDelegate.m; sourceTree = "<group>"; };
		BC8158812A4D5112005FC3BE /* ViewController.h */ = {isa = PBXFileReference; lastKnownFileType = sourcecode.c.h; path = ViewController.h; sourceTree = "<group>"; };
		BC8158822A4D5112005FC3BE /* ViewController.m */ = {isa = PBXFileReference; lastKnownFileType = sourcecode.c.objc; path = ViewController.m; sourceTree = "<group>"; };
		BC8158852A4D5112005FC3BE /* Base */ = {isa = PBXFileReference; lastKnownFileType = file.storyboard; name = Base; path = Base.lproj/Main.storyboard; sourceTree = "<group>"; };
		BC8158882A4D5112005FC3BE /* cysmart_ota_update.xcdatamodel */ = {isa = PBXFileReference; lastKnownFileType = wrapper.xcdatamodel; path = cysmart_ota_update.xcdatamodel; sourceTree = "<group>"; };
		BC81588A2A4D511A005FC3BE /* Assets.xcassets */ = {isa = PBXFileReference; lastKnownFileType = folder.assetcatalog; path = Assets.xcassets; sourceTree = "<group>"; };
		BC81588D2A4D511A005FC3BE /* Base */ = {isa = PBXFileReference; lastKnownFileType = file.storyboard; name = Base; path = Base.lproj/LaunchScreen.storyboard; sourceTree = "<group>"; };
		BC81588F2A4D511A005FC3BE /* Info.plist */ = {isa = PBXFileReference; lastKnownFileType = text.plist.xml; path = Info.plist; sourceTree = "<group>"; };
		BC8158902A4D511A005FC3BE /* main.m */ = {isa = PBXFileReference; lastKnownFileType = sourcecode.c.objc; path = main.m; sourceTree = "<group>"; };
/* End PBXFileReference section */

/* Begin PBXFrameworksBuildPhase section */
		BC8158752A4D5112005FC3BE /* Frameworks */ = {
			isa = PBXFrameworksBuildPhase;
			buildActionMask = 2147483647;
			files = (
			);
			runOnlyForDeploymentPostprocessing = 0;
		};
/* End PBXFrameworksBuildPhase section */

/* Begin PBXGroup section */
		BC81586F2A4D5112005FC3BE = {
			isa = PBXGroup;
			children = (
				BC81587A2A4D5112005FC3BE /* cysmart_ota_update */,
				BC8158792A4D5112005FC3BE /* Products */,
			);
			sourceTree = "<group>";
		};
		BC8158792A4D5112005FC3BE /* Products */ = {
			isa = PBXGroup;
			children = (
				BC8158782A4D5112005FC3BE /* cysmart_ota_update.app */,
			);
			name = Products;
			sourceTree = "<group>";
		};
		BC81587A2A4D5112005FC3BE /* cysmart_ota_update */ = {
			isa = PBXGroup;
			children = (
				BC81587B2A4D5112005FC3BE /* AppDelegate.h */,
				BC81587C2A4D5112005FC3BE /* AppDelegate.m */,
				BC81587E2A4D5112005FC3BE /* SceneDelegate.h */,
				BC81587F2A4D5112005FC3BE /* SceneDelegate.m */,
				BC8158812A4D5112005FC3BE /* ViewController.h */,
				BC8158822A4D5112005FC3BE /* ViewController.m */,
				BC8158842A4D5112005FC3BE /* Main.storyboard */,
				BC81588A2A4D511A005FC3BE /* Assets.xcassets */,
				BC81588C2A4D511A005FC3BE /* LaunchScreen.storyboard */,
				BC81588F2A4D511A005FC3BE /* Info.plist */,
				BC8158902A4D511A005FC3BE /* main.m */,
				BC8158872A4D5112005FC3BE /* cysmart_ota_update.xcdatamodeld */,
			);
			path = cysmart_ota_update;
			sourceTree = "<group>";
		};
/* End PBXGroup section */

/* Begin PBXNativeTarget section */
		BC8158772A4D5112005FC3BE /* cysmart_ota_update */ = {
			isa = PBXNativeTarget;
			buildConfigurationList = BC8158942A4D511A005FC3BE /* Build configuration list for PBXNativeTarget "cysmart_ota_update" */;
			buildPhases = (
				BC8158742A4D5112005FC3BE /* Sources */,
				BC8158752A4D5112005FC3BE /* Frameworks */,
				BC8158762A4D5112005FC3BE /* Resources */,
			);
			buildRules = (
			);
			dependencies = (
			);
			name = cysmart_ota_update;
			productName = cysmart_ota_update;
			productReference = BC8158782A4D5112005FC3BE /* cysmart_ota_update.app */;
			productType = "com.apple.product-type.application";
		};
/* End PBXNativeTarget section */

/* Begin PBXProject section */
		BC8158702A4D5112005FC3BE /* Project object */ = {
			isa = PBXProject;
			attributes = {
				BuildIndependentTargetsInParallel = 1;
				LastUpgradeCheck = 1430;
				TargetAttributes = {
					BC8158772A4D5112005FC3BE = {
						CreatedOnToolsVersion = 14.3.1;
					};
				};
			};
			buildConfigurationList = BC8158732A4D5112005FC3BE /* Build configuration list for PBXProject "cysmart_ota_update" */;
			compatibilityVersion = "Xcode 14.0";
			developmentRegion = en;
			hasScannedForEncodings = 0;
			knownRegions = (
				en,
				Base,
			);
			mainGroup = BC81586F2A4D5112005FC3BE;
			productRefGroup = BC8158792A4D5112005FC3BE /* Products */;
			projectDirPath = "";
			projectRoot = "";
			targets = (
				BC8158772A4D5112005FC3BE /* cysmart_ota_update */,
			);
		};
/* End PBXProject section */

/* Begin PBXResourcesBuildPhase section */
		BC8158762A4D5112005FC3BE /* Resources */ = {
			isa = PBXResourcesBuildPhase;
			buildActionMask = 2147483647;
			files = (
				BC81588E2A4D511A005FC3BE /* LaunchScreen.storyboard in Resources */,
				BC81588B2A4D511A005FC3BE /* Assets.xcassets in Resources */,
				BC8158862A4D5112005FC3BE /* Main.storyboard in Resources */,
			);
			runOnlyForDeploymentPostprocessing = 0;
		};
/* End PBXResourcesBuildPhase section */

/* Begin PBXSourcesBuildPhase section */
		BC8158742A4D5112005FC3BE /* Sources */ = {
			isa = PBXSourcesBuildPhase;
			buildActionMask = 2147483647;
			files = (
				BC8158912A4D511A005FC3BE /* main.m in Sources */,
				BC8158832A4D5112005FC3BE /* ViewController.m in Sources */,
				BC81587D2A4D5112005FC3BE /* AppDelegate.m in Sources */,
				BC8158802A4D5112005FC3BE /* SceneDelegate.m in Sources */,
				BC8158892A4D5112005FC3BE /* cysmart_ota_update.xcdatamodeld in Sources */,
			);
			runOnlyForDeploymentPostprocessing = 0;
		};
/* End PBXSourcesBuildPhase section */

/* Begin PBXVariantGroup section */
		BC8158842A4D5112005FC3BE /* Main.storyboard */ = {
			isa = PBXVariantGroup;
			children = (
				BC8158852A4D5112005FC3BE /* Base */,
			);
			name = Main.storyboard;
			sourceTree = "<group>";
		};
		BC81588C2A4D511A005FC3BE /* LaunchScreen.storyboard */ = {
			isa = PBXVariantGroup;
			children = (
				BC81588D2A4D511A005FC3BE /* Base */,
			);
			name = LaunchScreen.storyboard;
			sourceTree = "<group>";
		};
/* End PBXVariantGroup section */

/* Begin XCBuildConfiguration section */
		BC8158922A4D511A005FC3BE /* Debug */ = {
			isa = XCBuildConfiguration;
			buildSettings = {
				ALWAYS_SEARCH_USER_PATHS = NO;
				CLANG_ANALYZER_NONNULL = YES;
				CLANG_ANALYZER_NUMBER_OBJECT_CONVERSION = YES_AGGRESSIVE;
				CLANG_CXX_LANGUAGE_STANDARD = "gnu++20";
				CLANG_ENABLE_MODULES = YES;
				CLANG_ENABLE_OBJC_ARC = YES;
				CLANG_ENABLE_OBJC_WEAK = YES;
				CLANG_WARN_BLOCK_CAPTURE_AUTORELEASING = YES;
				CLANG_WARN_BOOL_CONVERSION = YES;
				CLANG_WARN_COMMA = YES;
				CLANG_WARN_CONSTANT_CONVERSION = YES;
				CLANG_WARN_DEPRECATED_OBJC_IMPLEMENTATIONS = YES;
				CLANG_WARN_DIRECT_OBJC_ISA_USAGE = YES_ERROR;
				CLANG_WARN_DOCUMENTATION_COMMENTS = YES;
				CLANG_WARN_EMPTY_BODY = YES;
				CLANG_WARN_ENUM_CONVERSION = YES;
				CLANG_WARN_INFINITE_RECURSION = YES;
				CLANG_WARN_INT_CONVERSION = YES;
				CLANG_WARN_NON_LITERAL_NULL_CONVERSION = YES;
				CLANG_WARN_OBJC_IMPLICIT_RETAIN_SELF = YES;
				CLANG_WARN_OBJC_LITERAL_CONVERSION = YES;
				CLANG_WARN_OBJC_ROOT_CLASS = YES_ERROR;
				CLANG_WARN_QUOTED_INCLUDE_IN_FRAMEWORK_HEADER = YES;
				CLANG_WARN_RANGE_LOOP_ANALYSIS = YES;
				CLANG_WARN_STRICT_PROTOTYPES = YES;
				CLANG_WARN_SUSPICIOUS_MOVE = YES;
				CLANG_WARN_UNGUARDED_AVAILABILITY = YES_AGGRESSIVE;
				CLANG_WARN_UNREACHABLE_CODE = YES;
				CLANG_WARN__DUPLICATE_METHOD_MATCH = YES;
				COPY_PHASE_STRIP = NO;
				DEBUG_INFORMATION_FORMAT = dwarf;
				ENABLE_STRICT_OBJC_MSGSEND = YES;
				ENABLE_TESTABILITY = YES;
				GCC_C_LANGUAGE_STANDARD = gnu11;
				GCC_DYNAMIC_NO_PIC = NO;
				GCC_NO_COMMON_BLOCKS = YES;
				GCC_OPTIMIZATION_LEVEL = 0;
				GCC_PREPROCESSOR_DEFINITIONS = (
					"DEBUG=1",
					"$(inherited)",
				);
				GCC_WARN_64_TO_32_BIT_CONVERSION = YES;
				GCC_WARN_ABOUT_RETURN_TYPE = YES_ERROR;
				GCC_WARN_UNDECLARED_SELECTOR = YES;
				GCC_WARN_UNINITIALIZED_AUTOS = YES_AGGRESSIVE;
				GCC_WARN_UNUSED_FUNCTION = YES;
				GCC_WARN_UNUSED_VARIABLE = YES;
				IPHONEOS_DEPLOYMENT_TARGET = 16.4;
				MTL_ENABLE_DEBUG_INFO = INCLUDE_SOURCE;
				MTL_FAST_MATH = YES;
				ONLY_ACTIVE_ARCH = YES;
				SDKROOT = iphoneos;
			};
			name = Debug;
		};
		BC8158932A4D511A005FC3BE /* Release */ = {
			isa = XCBuildConfiguration;
			buildSettings = {
				ALWAYS_SEARCH_USER_PATHS = NO;
				CLANG_ANALYZER_NONNULL = YES;
				CLANG_ANALYZER_NUMBER_OBJECT_CONVERSION = YES_AGGRESSIVE;
				CLANG_CXX_LANGUAGE_STANDARD = "gnu++20";
				CLANG_ENABLE_MODULES = YES;
				CLANG_ENABLE_OBJC_ARC = YES;
				CLANG_ENABLE_OBJC_WEAK = YES;
				CLANG_WARN_BLOCK_CAPTURE_AUTORELEASING = YES;
				CLANG_WARN_BOOL_CONVERSION = YES;
				CLANG_WARN_COMMA = YES;
				CLANG_WARN_CONSTANT_CONVERSION = YES;
				CLANG_WARN_DEPRECATED_OBJC_IMPLEMENTATIONS = YES;
				CLANG_WARN_DIRECT_OBJC_ISA_USAGE = YES_ERROR;
				CLANG_WARN_DOCUMENTATION_COMMENTS = YES;
				CLANG_WARN_EMPTY_BODY = YES;
				CLANG_WARN_ENUM_CONVERSION = YES;
				CLANG_WARN_INFINITE_RECURSION = YES;
				CLANG_WARN_INT_CONVERSION = YES;
				CLANG_WARN_NON_LITERAL_NULL_CONVERSION = YES;
				CLANG_WARN_OBJC_IMPLICIT_RETAIN_SELF = YES;
				CLANG_WARN_OBJC_LITERAL_CONVERSION = YES;
				CLANG_WARN_OBJC_ROOT_CLASS = YES_ERROR;
				CLANG_WARN_QUOTED_INCLUDE_IN_FRAMEWORK_HEADER = YES;
				CLANG_WARN_RANGE_LOOP_ANALYSIS = YES;
				CLANG_WARN_STRICT_PROTOTYPES = YES;
				CLANG_WARN_SUSPICIOUS_MOVE = YES;
				CLANG_WARN_UNGUARDED_AVAILABILITY = YES_AGGRESSIVE;
				CLANG_WARN_UNREACHABLE_CODE = YES;
				CLANG_WARN__DUPLICATE_METHOD_MATCH = YES;
				COPY_PHASE_STRIP = NO;
				DEBUG_INFORMATION_FORMAT = "dwarf-with-dsym";
				ENABLE_NS_ASSERTIONS = NO;
				ENABLE_STRICT_OBJC_MSGSEND = YES;
				GCC_C_LANGUAGE_STANDARD = gnu11;
				GCC_NO_COMMON_BLOCKS = YES;
				GCC_WARN_64_TO_32_BIT_CONVERSION = YES;
				GCC_WARN_ABOUT_RETURN_TYPE = YES_ERROR;
				GCC_WARN_UNDECLARED_SELECTOR = YES;
				GCC_WARN_UNINITIALIZED_AUTOS = YES_AGGRESSIVE;
				GCC_WARN_UNUSED_FUNCTION = YES;
				GCC_WARN_UNUSED_VARIABLE = YES;
				IPHONEOS_DEPLOYMENT_TARGET = 16.4;
				MTL_ENABLE_DEBUG_INFO = NO;
				MTL_FAST_MATH = YES;
				SDKROOT = iphoneos;
				VALIDATE_PRODUCT = YES;
			};
			name = Release;
		};
		BC8158952A4D511A005FC3BE /* Debug */ = {
			isa = XCBuildConfiguration;
			buildSettings = {
				ASSETCATALOG_COMPILER_APPICON_NAME = AppIcon;
				ASSETCATALOG_COMPILER_GLOBAL_ACCENT_COLOR_NAME = AccentColor;
				CODE_SIGN_STYLE = Automatic;
				CURRENT_PROJECT_VERSION = 1;
				DEVELOPMENT_TEAM = 4B5F6ELE34;
				GENERATE_INFOPLIST_FILE = YES;
				INFOPLIST_FILE = cysmart_ota_update/Info.plist;
				INFOPLIST_KEY_UIApplicationSupportsIndirectInputEvents = YES;
				INFOPLIST_KEY_UILaunchStoryboardName = LaunchScreen;
				INFOPLIST_KEY_UIMainStoryboardFile = Main;
				INFOPLIST_KEY_UISupportedInterfaceOrientations_iPad = "UIInterfaceOrientationPortrait UIInterfaceOrientationPortraitUpsideDown UIInterfaceOrientationLandscapeLeft UIInterfaceOrientationLandscapeRight";
				INFOPLIST_KEY_UISupportedInterfaceOrientations_iPhone = "UIInterfaceOrientationPortrait UIInterfaceOrientationLandscapeLeft UIInterfaceOrientationLandscapeRight";
				LD_RUNPATH_SEARCH_PATHS = (
					"$(inherited)",
					"@executable_path/Frameworks",
				);
				MARKETING_VERSION = 1.0;
				PRODUCT_BUNDLE_IDENTIFIER = "com.rnd.cysmart-ota-update";
				PRODUCT_NAME = "$(TARGET_NAME)";
				SWIFT_EMIT_LOC_STRINGS = YES;
				TARGETED_DEVICE_FAMILY = "1,2";
			};
			name = Debug;
		};
		BC8158962A4D511A005FC3BE /* Release */ = {
			isa = XCBuildConfiguration;
			buildSettings = {
				ASSETCATALOG_COMPILER_APPICON_NAME = AppIcon;
				ASSETCATALOG_COMPILER_GLOBAL_ACCENT_COLOR_NAME = AccentColor;
				CODE_SIGN_STYLE = Automatic;
				CURRENT_PROJECT_VERSION = 1;
				DEVELOPMENT_TEAM = 4B5F6ELE34;
				GENERATE_INFOPLIST_FILE = YES;
				INFOPLIST_FILE = cysmart_ota_update/Info.plist;
				INFOPLIST_KEY_UIApplicationSupportsIndirectInputEvents = YES;
				INFOPLIST_KEY_UILaunchStoryboardName = LaunchScreen;
				INFOPLIST_KEY_UIMainStoryboardFile = Main;
				INFOPLIST_KEY_UISupportedInterfaceOrientations_iPad = "UIInterfaceOrientationPortrait UIInterfaceOrientationPortraitUpsideDown UIInterfaceOrientationLandscapeLeft UIInterfaceOrientationLandscapeRight";
				INFOPLIST_KEY_UISupportedInterfaceOrientations_iPhone = "UIInterfaceOrientationPortrait UIInterfaceOrientationLandscapeLeft UIInterfaceOrientationLandscapeRight";
				LD_RUNPATH_SEARCH_PATHS = (
					"$(inherited)",
					"@executable_path/Frameworks",
				);
				MARKETING_VERSION = 1.0;
				PRODUCT_BUNDLE_IDENTIFIER = "com.rnd.cysmart-ota-update";
				PRODUCT_NAME = "$(TARGET_NAME)";
				SWIFT_EMIT_LOC_STRINGS = YES;
				TARGETED_DEVICE_FAMILY = "1,2";
			};
			name = Release;
		};
/* End XCBuildConfiguration section */

/* Begin XCConfigurationList section */
		BC8158732A4D5112005FC3BE /* Build configuration list for PBXProject "cysmart_ota_update" */ = {
			isa = XCConfigurationList;
			buildConfigurations = (
				BC8158922A4D511A005FC3BE /* Debug */,
				BC8158932A4D511A005FC3BE /* Release */,
			);
			defaultConfigurationIsVisible = 0;
			defaultConfigurationName = Release;
		};
		BC8158942A4D511A005FC3BE /* Build configuration list for PBXNativeTarget "cysmart_ota_update" */ = {
			isa = XCConfigurationList;
			buildConfigurations = (
				BC8158952A4D511A005FC3BE /* Debug */,
				BC8158962A4D511A005FC3BE /* Release */,
			);
			defaultConfigurationIsVisible = 0;
			defaultConfigurationName = Release;
		};
/* End XCConfigurationList section */

/* Begin XCVersionGroup section */
		BC8158872A4D5112005FC3BE /* cysmart_ota_update.xcdatamodeld */ = {
			isa = XCVersionGroup;
			children = (
				BC8158882A4D5112005FC3BE /* cysmart_ota_update.xcdatamodel */,
			);
			currentVersion = BC8158882A4D5112005FC3BE /* cysmart_ota_update.xcdatamodel */;
			path = cysmart_ota_update.xcdatamodeld;
			sourceTree = "<group>";
			versionGroupType = wrapper.xcdatamodel;
		};
/* End XCVersionGroup section */
	};
	rootObject = BC8158702A4D5112005FC3BE /* Project object */;
}
